<?xml version="1.0" encoding="UTF-8"?>
<!DOCTYPE plist PUBLIC "-//Apple//DTD PLIST 1.0//EN" "http://www.apple.com/DTDs/PropertyList-1.0.dtd">
<plist version="1.0">
<dict>
	<key>archiveVersion</key>
	<string>1</string>
	<key>classes</key>
	<dict/>
	<key>objectVersion</key>
	<string>46</string>
	<key>objects</key>
	<dict>
		<key>0E1F482B674F4D9A941255D0</key>
		<dict>
			<key>fileRef</key>
			<string>CD97D34C3F4A464FA5834677</string>
			<key>isa</key>
			<string>PBXBuildFile</string>
		</dict>
		<key>AF0F67D818E25919005084EB</key>
		<dict>
			<key>children</key>
			<array>
				<string>AF0F67EA18E25919005084EB</string>
				<string>AF0F67E318E25919005084EB</string>
				<string>AF0F67E218E25919005084EB</string>
				<string>C0E51CDF97E343E6A6E7F185</string>
			</array>
			<key>isa</key>
			<string>PBXGroup</string>
			<key>sourceTree</key>
			<string>&lt;group&gt;</string>
		</dict>
		<key>AF0F67D918E25919005084EB</key>
		<dict>
			<key>attributes</key>
			<dict>
				<key>CLASSPREFIX</key>
				<string>TM</string>
				<key>LastUpgradeCheck</key>
				<string>0460</string>
				<key>ORGANIZATIONNAME</key>
				<string>thiagomelo</string>
			</dict>
			<key>buildConfigurationList</key>
			<string>AF0F67DC18E25919005084EB</string>
			<key>compatibilityVersion</key>
			<string>Xcode 3.2</string>
			<key>developmentRegion</key>
			<string>English</string>
			<key>hasScannedForEncodings</key>
			<string>0</string>
			<key>isa</key>
			<string>PBXProject</string>
			<key>knownRegions</key>
			<array>
				<string>en</string>
			</array>
			<key>mainGroup</key>
			<string>AF0F67D818E25919005084EB</string>
			<key>productRefGroup</key>
			<string>AF0F67E218E25919005084EB</string>
			<key>projectDirPath</key>
			<string></string>
			<key>projectReferences</key>
			<array/>
			<key>projectRoot</key>
			<string></string>
			<key>targets</key>
			<array>
				<string>AF0F67E018E25919005084EB</string>
			</array>
		</dict>
		<key>AF0F67DC18E25919005084EB</key>
		<dict>
			<key>buildConfigurations</key>
			<array>
				<string>AF0F67FC18E25919005084EB</string>
				<string>AF0F67FD18E25919005084EB</string>
			</array>
			<key>defaultConfigurationIsVisible</key>
			<string>0</string>
			<key>defaultConfigurationName</key>
			<string>Release</string>
			<key>isa</key>
			<string>XCConfigurationList</string>
		</dict>
		<key>AF0F67DD18E25919005084EB</key>
		<dict>
			<key>buildActionMask</key>
			<string>2147483647</string>
			<key>files</key>
			<array>
				<string>AF0F67F118E25919005084EB</string>
				<string>AF0F67F518E25919005084EB</string>
				<string>AF0F680418E25D95005084EB</string>
				<string>AFE63D6A18E38E750012097D</string>
				<string>AFF9873918E4E0D300DE6628</string>
				<string>AFA6833C18EB9A0000DDD311</string>
				<string>AFFED6BA18EE32DF006BB598</string>
			</array>
			<key>isa</key>
			<string>PBXSourcesBuildPhase</string>
			<key>runOnlyForDeploymentPostprocessing</key>
			<string>0</string>
		</dict>
		<key>AF0F67DE18E25919005084EB</key>
		<dict>
			<key>buildActionMask</key>
			<string>2147483647</string>
			<key>files</key>
			<array>
				<string>AFFED6B718EE311F006BB598</string>
				<string>AFFED6B518ECF12A006BB598</string>
				<string>AFA6833818EB992800DDD311</string>
				<string>AFED1E3218EB79140045BA40</string>
				<string>AF0F67E518E25919005084EB</string>
				<string>AF0F67E718E25919005084EB</string>
				<string>AF0F67E918E25919005084EB</string>
				<string>0E1F482B674F4D9A941255D0</string>
			</array>
			<key>isa</key>
			<string>PBXFrameworksBuildPhase</string>
			<key>runOnlyForDeploymentPostprocessing</key>
			<string>0</string>
		</dict>
		<key>AF0F67DF18E25919005084EB</key>
		<dict>
			<key>buildActionMask</key>
			<string>2147483647</string>
			<key>files</key>
			<array>
				<string>AF0F67EF18E25919005084EB</string>
				<string>AF0F67FB18E25919005084EB</string>
				<string>AF0F680518E25D95005084EB</string>
				<string>AFA6833D18EB9A0000DDD311</string>
				<string>AFA6834718EBA0BE00DDD311</string>
				<string>AFA6834818EBA0BE00DDD311</string>
				<string>AFA6834918EBA0BE00DDD311</string>
				<string>AFA6834A18EBA0BE00DDD311</string>
				<string>AFA6834B18EBA0BE00DDD311</string>
				<string>AFA6834C18EBA0BE00DDD311</string>
				<string>AFA6834D18EBA0BE00DDD311</string>
				<string>AFA6834E18EBA0BE00DDD311</string>
				<string>AFA6834F18EBA0BE00DDD311</string>
			</array>
			<key>isa</key>
			<string>PBXResourcesBuildPhase</string>
			<key>runOnlyForDeploymentPostprocessing</key>
			<string>0</string>
		</dict>
		<key>AF0F67E018E25919005084EB</key>
		<dict>
			<key>buildConfigurationList</key>
			<string>AF0F67FE18E25919005084EB</string>
			<key>buildPhases</key>
			<array>
				<string>F46A958F0A754372A57E1C60</string>
				<string>AF0F67DD18E25919005084EB</string>
				<string>AF0F67DE18E25919005084EB</string>
				<string>AF0F67DF18E25919005084EB</string>
				<string>D4E9107FAAE84A3C9409DBF1</string>
			</array>
			<key>buildRules</key>
			<array/>
			<key>dependencies</key>
			<array/>
			<key>isa</key>
			<string>PBXNativeTarget</string>
			<key>name</key>
			<string>Contatos</string>
			<key>productName</key>
			<string>Contatos</string>
			<key>productReference</key>
			<string>AF0F67E118E25919005084EB</string>
			<key>productType</key>
			<string>com.apple.product-type.application</string>
		</dict>
		<key>AF0F67E118E25919005084EB</key>
		<dict>
			<key>explicitFileType</key>
			<string>wrapper.application</string>
			<key>includeInIndex</key>
			<string>0</string>
			<key>isa</key>
			<string>PBXFileReference</string>
			<key>path</key>
			<string>Contatos.app</string>
			<key>sourceTree</key>
			<string>BUILT_PRODUCTS_DIR</string>
		</dict>
		<key>AF0F67E218E25919005084EB</key>
		<dict>
			<key>children</key>
			<array>
				<string>AF0F67E118E25919005084EB</string>
			</array>
			<key>isa</key>
			<string>PBXGroup</string>
			<key>name</key>
			<string>Products</string>
			<key>sourceTree</key>
			<string>&lt;group&gt;</string>
		</dict>
		<key>AF0F67E318E25919005084EB</key>
		<dict>
			<key>children</key>
			<array>
				<string>AFFED6B618EE311F006BB598</string>
				<string>AFFED6B418ECF12A006BB598</string>
				<string>AFA6833718EB992800DDD311</string>
				<string>AFED1E3118EB79140045BA40</string>
				<string>AF0F67E418E25919005084EB</string>
				<string>AF0F67E618E25919005084EB</string>
				<string>AF0F67E818E25919005084EB</string>
				<string>CD97D34C3F4A464FA5834677</string>
			</array>
			<key>isa</key>
			<string>PBXGroup</string>
			<key>name</key>
			<string>Frameworks</string>
			<key>sourceTree</key>
			<string>&lt;group&gt;</string>
		</dict>
		<key>AF0F67E418E25919005084EB</key>
		<dict>
			<key>isa</key>
			<string>PBXFileReference</string>
			<key>lastKnownFileType</key>
			<string>wrapper.framework</string>
			<key>name</key>
			<string>UIKit.framework</string>
			<key>path</key>
			<string>System/Library/Frameworks/UIKit.framework</string>
			<key>sourceTree</key>
			<string>SDKROOT</string>
		</dict>
		<key>AF0F67E518E25919005084EB</key>
		<dict>
			<key>fileRef</key>
			<string>AF0F67E418E25919005084EB</string>
			<key>isa</key>
			<string>PBXBuildFile</string>
		</dict>
		<key>AF0F67E618E25919005084EB</key>
		<dict>
			<key>isa</key>
			<string>PBXFileReference</string>
			<key>lastKnownFileType</key>
			<string>wrapper.framework</string>
			<key>name</key>
			<string>Foundation.framework</string>
			<key>path</key>
			<string>System/Library/Frameworks/Foundation.framework</string>
			<key>sourceTree</key>
			<string>SDKROOT</string>
		</dict>
		<key>AF0F67E718E25919005084EB</key>
		<dict>
			<key>fileRef</key>
			<string>AF0F67E618E25919005084EB</string>
			<key>isa</key>
			<string>PBXBuildFile</string>
		</dict>
		<key>AF0F67E818E25919005084EB</key>
		<dict>
			<key>isa</key>
			<string>PBXFileReference</string>
			<key>lastKnownFileType</key>
			<string>wrapper.framework</string>
			<key>name</key>
			<string>CoreGraphics.framework</string>
			<key>path</key>
			<string>System/Library/Frameworks/CoreGraphics.framework</string>
			<key>sourceTree</key>
			<string>SDKROOT</string>
		</dict>
		<key>AF0F67E918E25919005084EB</key>
		<dict>
			<key>fileRef</key>
			<string>AF0F67E818E25919005084EB</string>
			<key>isa</key>
			<string>PBXBuildFile</string>
		</dict>
		<key>AF0F67EA18E25919005084EB</key>
		<dict>
			<key>children</key>
			<array>
				<string>AFFED6BB18EE32FA006BB598</string>
				<string>AFA6834618EBA0BE00DDD311</string>
				<string>AFA6835018EBA0F500DDD311</string>
				<string>AF0F67EB18E25919005084EB</string>
				<string>AF0F67F318E25919005084EB</string>
				<string>AF0F67F418E25919005084EB</string>
				<string>AFE63D6818E38E750012097D</string>
				<string>AFE63D6918E38E750012097D</string>
				<string>AFA6833918EB9A0000DDD311</string>
				<string>AFA6833A18EB9A0000DDD311</string>
				<string>AFA6833B18EB9A0000DDD311</string>
				<string>AF0F680118E25D95005084EB</string>
				<string>AF0F680218E25D95005084EB</string>
				<string>AF0F680318E25D95005084EB</string>
				<string>AFA036DA18EA2B5E006D19BD</string>
				<string>AFF9873718E4E0D300DE6628</string>
				<string>AFF9873818E4E0D300DE6628</string>
			</array>
			<key>isa</key>
			<string>PBXGroup</string>
			<key>path</key>
			<string>Contatos</string>
			<key>sourceTree</key>
			<string>&lt;group&gt;</string>
		</dict>
		<key>AF0F67EB18E25919005084EB</key>
		<dict>
			<key>children</key>
			<array>
				<string>AF0F67EC18E25919005084EB</string>
				<string>AF0F67ED18E25919005084EB</string>
				<string>AF0F67F018E25919005084EB</string>
				<string>AF0F67F218E25919005084EB</string>
				<string>AF0F67FA18E25919005084EB</string>
			</array>
			<key>isa</key>
			<string>PBXGroup</string>
			<key>name</key>
			<string>Supporting Files</string>
			<key>sourceTree</key>
			<string>&lt;group&gt;</string>
		</dict>
		<key>AF0F67EC18E25919005084EB</key>
		<dict>
			<key>isa</key>
			<string>PBXFileReference</string>
			<key>lastKnownFileType</key>
			<string>text.plist.xml</string>
			<key>path</key>
			<string>Contatos-Info.plist</string>
			<key>sourceTree</key>
			<string>&lt;group&gt;</string>
		</dict>
		<key>AF0F67ED18E25919005084EB</key>
		<dict>
			<key>children</key>
			<array>
				<string>AF0F67EE18E25919005084EB</string>
			</array>
			<key>isa</key>
			<string>PBXVariantGroup</string>
			<key>name</key>
			<string>InfoPlist.strings</string>
			<key>sourceTree</key>
			<string>&lt;group&gt;</string>
		</dict>
		<key>AF0F67EE18E25919005084EB</key>
		<dict>
			<key>isa</key>
			<string>PBXFileReference</string>
			<key>lastKnownFileType</key>
			<string>text.plist.strings</string>
			<key>name</key>
			<string>en</string>
			<key>path</key>
			<string>en.lproj/InfoPlist.strings</string>
			<key>sourceTree</key>
			<string>&lt;group&gt;</string>
		</dict>
		<key>AF0F67EF18E25919005084EB</key>
		<dict>
			<key>fileRef</key>
			<string>AF0F67ED18E25919005084EB</string>
			<key>isa</key>
			<string>PBXBuildFile</string>
		</dict>
		<key>AF0F67F018E25919005084EB</key>
		<dict>
			<key>isa</key>
			<string>PBXFileReference</string>
			<key>lastKnownFileType</key>
			<string>sourcecode.c.objc</string>
			<key>path</key>
			<string>main.m</string>
			<key>sourceTree</key>
			<string>&lt;group&gt;</string>
		</dict>
		<key>AF0F67F118E25919005084EB</key>
		<dict>
			<key>fileRef</key>
			<string>AF0F67F018E25919005084EB</string>
			<key>isa</key>
			<string>PBXBuildFile</string>
		</dict>
		<key>AF0F67F218E25919005084EB</key>
		<dict>
			<key>isa</key>
			<string>PBXFileReference</string>
			<key>lastKnownFileType</key>
			<string>sourcecode.c.h</string>
			<key>path</key>
			<string>Contatos-Prefix.pch</string>
			<key>sourceTree</key>
			<string>&lt;group&gt;</string>
		</dict>
		<key>AF0F67F318E25919005084EB</key>
		<dict>
			<key>isa</key>
			<string>PBXFileReference</string>
			<key>lastKnownFileType</key>
			<string>sourcecode.c.h</string>
			<key>path</key>
			<string>TMAppDelegate.h</string>
			<key>sourceTree</key>
			<string>&lt;group&gt;</string>
		</dict>
		<key>AF0F67F418E25919005084EB</key>
		<dict>
			<key>isa</key>
			<string>PBXFileReference</string>
			<key>lastKnownFileType</key>
			<string>sourcecode.c.objc</string>
			<key>path</key>
			<string>TMAppDelegate.m</string>
			<key>sourceTree</key>
			<string>&lt;group&gt;</string>
		</dict>
		<key>AF0F67F518E25919005084EB</key>
		<dict>
			<key>fileRef</key>
			<string>AF0F67F418E25919005084EB</string>
			<key>isa</key>
			<string>PBXBuildFile</string>
		</dict>
		<key>AF0F67FA18E25919005084EB</key>
		<dict>
			<key>isa</key>
			<string>PBXFileReference</string>
			<key>lastKnownFileType</key>
			<string>image.png</string>
			<key>path</key>
			<string>Default-568h@2x.png</string>
			<key>sourceTree</key>
			<string>&lt;group&gt;</string>
		</dict>
		<key>AF0F67FB18E25919005084EB</key>
		<dict>
			<key>fileRef</key>
			<string>AF0F67FA18E25919005084EB</string>
			<key>isa</key>
			<string>PBXBuildFile</string>
		</dict>
		<key>AF0F67FC18E25919005084EB</key>
		<dict>
			<key>buildSettings</key>
			<dict>
				<key>ALWAYS_SEARCH_USER_PATHS</key>
				<string>NO</string>
				<key>CLANG_CXX_LANGUAGE_STANDARD</key>
				<string>gnu++0x</string>
				<key>CLANG_CXX_LIBRARY</key>
				<string>libc++</string>
				<key>CLANG_ENABLE_OBJC_ARC</key>
				<string>YES</string>
				<key>CLANG_WARN_CONSTANT_CONVERSION</key>
				<string>YES</string>
				<key>CLANG_WARN_EMPTY_BODY</key>
				<string>YES</string>
				<key>CLANG_WARN_ENUM_CONVERSION</key>
				<string>YES</string>
				<key>CLANG_WARN_INT_CONVERSION</key>
				<string>YES</string>
				<key>CLANG_WARN__DUPLICATE_METHOD_MATCH</key>
				<string>YES</string>
				<key>CODE_SIGN_IDENTITY[sdk=iphoneos*]</key>
				<string>iPhone Developer</string>
				<key>COPY_PHASE_STRIP</key>
				<string>NO</string>
				<key>GCC_C_LANGUAGE_STANDARD</key>
				<string>gnu99</string>
				<key>GCC_DYNAMIC_NO_PIC</key>
				<string>NO</string>
				<key>GCC_OPTIMIZATION_LEVEL</key>
				<string>0</string>
				<key>GCC_PREPROCESSOR_DEFINITIONS</key>
				<array>
					<string>DEBUG=1</string>
					<string>$(inherited)</string>
				</array>
				<key>GCC_SYMBOLS_PRIVATE_EXTERN</key>
				<string>NO</string>
				<key>GCC_WARN_ABOUT_RETURN_TYPE</key>
				<string>YES</string>
				<key>GCC_WARN_UNINITIALIZED_AUTOS</key>
				<string>YES</string>
				<key>GCC_WARN_UNUSED_VARIABLE</key>
				<string>YES</string>
				<key>IPHONEOS_DEPLOYMENT_TARGET</key>
				<string>6.1</string>
				<key>ONLY_ACTIVE_ARCH</key>
				<string>YES</string>
				<key>SDKROOT</key>
				<string>iphoneos</string>
			</dict>
			<key>isa</key>
			<string>XCBuildConfiguration</string>
			<key>name</key>
			<string>Debug</string>
		</dict>
		<key>AF0F67FD18E25919005084EB</key>
		<dict>
			<key>buildSettings</key>
			<dict>
				<key>ALWAYS_SEARCH_USER_PATHS</key>
				<string>NO</string>
				<key>CLANG_CXX_LANGUAGE_STANDARD</key>
				<string>gnu++0x</string>
				<key>CLANG_CXX_LIBRARY</key>
				<string>libc++</string>
				<key>CLANG_ENABLE_OBJC_ARC</key>
				<string>YES</string>
				<key>CLANG_WARN_CONSTANT_CONVERSION</key>
				<string>YES</string>
				<key>CLANG_WARN_EMPTY_BODY</key>
				<string>YES</string>
				<key>CLANG_WARN_ENUM_CONVERSION</key>
				<string>YES</string>
				<key>CLANG_WARN_INT_CONVERSION</key>
				<string>YES</string>
				<key>CLANG_WARN__DUPLICATE_METHOD_MATCH</key>
				<string>YES</string>
				<key>CODE_SIGN_IDENTITY[sdk=iphoneos*]</key>
				<string>iPhone Developer</string>
				<key>COPY_PHASE_STRIP</key>
				<string>YES</string>
				<key>GCC_C_LANGUAGE_STANDARD</key>
				<string>gnu99</string>
				<key>GCC_WARN_ABOUT_RETURN_TYPE</key>
				<string>YES</string>
				<key>GCC_WARN_UNINITIALIZED_AUTOS</key>
				<string>YES</string>
				<key>GCC_WARN_UNUSED_VARIABLE</key>
				<string>YES</string>
				<key>IPHONEOS_DEPLOYMENT_TARGET</key>
				<string>6.1</string>
				<key>OTHER_CFLAGS</key>
				<string>-DNS_BLOCK_ASSERTIONS=1</string>
				<key>SDKROOT</key>
				<string>iphoneos</string>
				<key>VALIDATE_PRODUCT</key>
				<string>YES</string>
			</dict>
			<key>isa</key>
			<string>XCBuildConfiguration</string>
			<key>name</key>
			<string>Release</string>
		</dict>
		<key>AF0F67FE18E25919005084EB</key>
		<dict>
			<key>buildConfigurations</key>
			<array>
				<string>AF0F67FF18E25919005084EB</string>
				<string>AF0F680018E25919005084EB</string>
			</array>
			<key>defaultConfigurationIsVisible</key>
			<string>0</string>
			<key>defaultConfigurationName</key>
			<string>Release</string>
			<key>isa</key>
			<string>XCConfigurationList</string>
		</dict>
		<key>AF0F67FF18E25919005084EB</key>
		<dict>
			<key>baseConfigurationReference</key>
			<string>C0E51CDF97E343E6A6E7F185</string>
			<key>buildSettings</key>
			<dict>
				<key>GCC_PRECOMPILE_PREFIX_HEADER</key>
				<string>YES</string>
				<key>GCC_PREFIX_HEADER</key>
				<string>Contatos/Contatos-Prefix.pch</string>
				<key>INFOPLIST_FILE</key>
				<string>Contatos/Contatos-Info.plist</string>
				<key>PRODUCT_NAME</key>
				<string>$(TARGET_NAME)</string>
				<key>WRAPPER_EXTENSION</key>
				<string>app</string>
			</dict>
			<key>isa</key>
			<string>XCBuildConfiguration</string>
			<key>name</key>
			<string>Debug</string>
		</dict>
		<key>AF0F680018E25919005084EB</key>
		<dict>
			<key>baseConfigurationReference</key>
			<string>C0E51CDF97E343E6A6E7F185</string>
			<key>buildSettings</key>
			<dict>
				<key>GCC_PRECOMPILE_PREFIX_HEADER</key>
				<string>YES</string>
				<key>GCC_PREFIX_HEADER</key>
				<string>Contatos/Contatos-Prefix.pch</string>
				<key>INFOPLIST_FILE</key>
				<string>Contatos/Contatos-Info.plist</string>
				<key>PRODUCT_NAME</key>
				<string>$(TARGET_NAME)</string>
				<key>WRAPPER_EXTENSION</key>
				<string>app</string>
			</dict>
			<key>isa</key>
			<string>XCBuildConfiguration</string>
			<key>name</key>
			<string>Release</string>
		</dict>
		<key>AF0F680118E25D95005084EB</key>
		<dict>
			<key>fileEncoding</key>
			<string>4</string>
			<key>isa</key>
			<string>PBXFileReference</string>
			<key>lastKnownFileType</key>
			<string>sourcecode.c.h</string>
			<key>path</key>
			<string>TMFormularioContatoViewController.h</string>
			<key>sourceTree</key>
			<string>&lt;group&gt;</string>
		</dict>
		<key>AF0F680218E25D95005084EB</key>
		<dict>
			<key>fileEncoding</key>
			<string>4</string>
			<key>isa</key>
			<string>PBXFileReference</string>
			<key>lastKnownFileType</key>
			<string>sourcecode.c.objc</string>
			<key>path</key>
			<string>TMFormularioContatoViewController.m</string>
			<key>sourceTree</key>
			<string>&lt;group&gt;</string>
		</dict>
		<key>AF0F680318E25D95005084EB</key>
		<dict>
			<key>fileEncoding</key>
			<string>4</string>
			<key>isa</key>
			<string>PBXFileReference</string>
			<key>lastKnownFileType</key>
			<string>file.xib</string>
			<key>path</key>
			<string>TMFormularioContatoViewController.xib</string>
			<key>sourceTree</key>
			<string>&lt;group&gt;</string>
		</dict>
		<key>AF0F680418E25D95005084EB</key>
		<dict>
			<key>fileRef</key>
			<string>AF0F680218E25D95005084EB</string>
			<key>isa</key>
			<string>PBXBuildFile</string>
		</dict>
		<key>AF0F680518E25D95005084EB</key>
		<dict>
			<key>fileRef</key>
			<string>AF0F680318E25D95005084EB</string>
			<key>isa</key>
			<string>PBXBuildFile</string>
		</dict>
		<key>AFA036DA18EA2B5E006D19BD</key>
		<dict>
			<key>isa</key>
			<string>PBXFileReference</string>
			<key>lastKnownFileType</key>
			<string>sourcecode.c.h</string>
			<key>path</key>
			<string>TMFormularioContatoViewControllerDelegate.h</string>
			<key>sourceTree</key>
			<string>&lt;group&gt;</string>
		</dict>
		<key>AFA6833718EB992800DDD311</key>
		<dict>
			<key>isa</key>
			<string>PBXFileReference</string>
			<key>lastKnownFileType</key>
			<string>wrapper.framework</string>
			<key>name</key>
			<string>MapKit.framework</string>
			<key>path</key>
			<string>System/Library/Frameworks/MapKit.framework</string>
			<key>sourceTree</key>
			<string>SDKROOT</string>
		</dict>
		<key>AFA6833818EB992800DDD311</key>
		<dict>
			<key>fileRef</key>
			<string>AFA6833718EB992800DDD311</string>
			<key>isa</key>
			<string>PBXBuildFile</string>
		</dict>
		<key>AFA6833918EB9A0000DDD311</key>
		<dict>
			<key>fileEncoding</key>
			<string>4</string>
			<key>isa</key>
			<string>PBXFileReference</string>
			<key>lastKnownFileType</key>
			<string>sourcecode.c.h</string>
			<key>name</key>
			<string>TMContatosNoMapaViewController.h</string>
			<key>path</key>
			<string>../TMContatosNoMapaViewController.h</string>
			<key>sourceTree</key>
			<string>&lt;group&gt;</string>
		</dict>
		<key>AFA6833A18EB9A0000DDD311</key>
		<dict>
			<key>fileEncoding</key>
			<string>4</string>
			<key>isa</key>
			<string>PBXFileReference</string>
			<key>lastKnownFileType</key>
			<string>sourcecode.c.objc</string>
			<key>name</key>
			<string>TMContatosNoMapaViewController.m</string>
			<key>path</key>
			<string>../TMContatosNoMapaViewController.m</string>
			<key>sourceTree</key>
			<string>&lt;group&gt;</string>
		</dict>
		<key>AFA6833B18EB9A0000DDD311</key>
		<dict>
			<key>fileEncoding</key>
			<string>4</string>
			<key>isa</key>
			<string>PBXFileReference</string>
			<key>lastKnownFileType</key>
			<string>file.xib</string>
			<key>name</key>
			<string>TMContatosNoMapaViewController.xib</string>
			<key>path</key>
			<string>../TMContatosNoMapaViewController.xib</string>
			<key>sourceTree</key>
			<string>&lt;group&gt;</string>
		</dict>
		<key>AFA6833C18EB9A0000DDD311</key>
		<dict>
			<key>fileRef</key>
			<string>AFA6833A18EB9A0000DDD311</string>
			<key>isa</key>
			<string>PBXBuildFile</string>
		</dict>
		<key>AFA6833D18EB9A0000DDD311</key>
		<dict>
			<key>fileRef</key>
			<string>AFA6833B18EB9A0000DDD311</string>
			<key>isa</key>
			<string>PBXBuildFile</string>
		</dict>
		<key>AFA6833E18EBA0BE00DDD311</key>
		<dict>
			<key>isa</key>
			<string>PBXFileReference</string>
			<key>lastKnownFileType</key>
			<string>image.png</string>
			<key>path</key>
			<string>Default.png</string>
			<key>sourceTree</key>
			<string>&lt;group&gt;</string>
		</dict>
		<key>AFA6833F18EBA0BE00DDD311</key>
		<dict>
			<key>isa</key>
			<string>PBXFileReference</string>
			<key>lastKnownFileType</key>
			<string>image.png</string>
			<key>path</key>
			<string>Default@2x.png</string>
			<key>sourceTree</key>
			<string>&lt;group&gt;</string>
		</dict>
		<key>AFA6834018EBA0BE00DDD311</key>
		<dict>
			<key>isa</key>
			<string>PBXFileReference</string>
			<key>lastKnownFileType</key>
			<string>image.png</string>
			<key>path</key>
			<string>gps.png</string>
			<key>sourceTree</key>
			<string>&lt;group&gt;</string>
		</dict>
		<key>AFA6834118EBA0BE00DDD311</key>
		<dict>
			<key>isa</key>
			<string>PBXFileReference</string>
			<key>lastKnownFileType</key>
			<string>image.png</string>
			<key>path</key>
			<string>gps@2x.png</string>
			<key>sourceTree</key>
			<string>&lt;group&gt;</string>
		</dict>
		<key>AFA6834218EBA0BE00DDD311</key>
		<dict>
			<key>isa</key>
			<string>PBXFileReference</string>
			<key>lastKnownFileType</key>
			<string>image.png</string>
			<key>path</key>
			<string>lista-contatos.png</string>
			<key>sourceTree</key>
			<string>&lt;group&gt;</string>
		</dict>
		<key>AFA6834318EBA0BE00DDD311</key>
		<dict>
			<key>isa</key>
			<string>PBXFileReference</string>
			<key>lastKnownFileType</key>
			<string>image.png</string>
			<key>path</key>
			<string>lista-contatos@2x.png</string>
			<key>sourceTree</key>
			<string>&lt;group&gt;</string>
		</dict>
		<key>AFA6834418EBA0BE00DDD311</key>
		<dict>
			<key>isa</key>
			<string>PBXFileReference</string>
			<key>lastKnownFileType</key>
			<string>image.png</string>
			<key>path</key>
			<string>mapa-contatos.png</string>
			<key>sourceTree</key>
			<string>&lt;group&gt;</string>
		</dict>
		<key>AFA6834518EBA0BE00DDD311</key>
		<dict>
			<key>isa</key>
			<string>PBXFileReference</string>
			<key>lastKnownFileType</key>
			<string>image.png</string>
			<key>path</key>
			<string>mapa-contatos@2x.png</string>
			<key>sourceTree</key>
			<string>&lt;group&gt;</string>
		</dict>
		<key>AFA6834618EBA0BE00DDD311</key>
		<dict>
			<key>fileEncoding</key>
			<string>4</string>
			<key>isa</key>
			<string>PBXFileReference</string>
			<key>lastKnownFileType</key>
			<string>text.xml</string>
			<key>name</key>
			<string>Vila Mariana.gpx</string>
			<key>path</key>
			<string>../Vila Mariana.gpx</string>
			<key>sourceTree</key>
			<string>&lt;group&gt;</string>
		</dict>
		<key>AFA6834718EBA0BE00DDD311</key>
		<dict>
			<key>fileRef</key>
			<string>AFA6833E18EBA0BE00DDD311</string>
			<key>isa</key>
			<string>PBXBuildFile</string>
		</dict>
		<key>AFA6834818EBA0BE00DDD311</key>
		<dict>
			<key>fileRef</key>
			<string>AFA6833F18EBA0BE00DDD311</string>
			<key>isa</key>
			<string>PBXBuildFile</string>
		</dict>
		<key>AFA6834918EBA0BE00DDD311</key>
		<dict>
			<key>fileRef</key>
			<string>AFA6834018EBA0BE00DDD311</string>
			<key>isa</key>
			<string>PBXBuildFile</string>
		</dict>
		<key>AFA6834A18EBA0BE00DDD311</key>
		<dict>
			<key>fileRef</key>
			<string>AFA6834118EBA0BE00DDD311</string>
			<key>isa</key>
			<string>PBXBuildFile</string>
		</dict>
		<key>AFA6834B18EBA0BE00DDD311</key>
		<dict>
			<key>fileRef</key>
			<string>AFA6834218EBA0BE00DDD311</string>
			<key>isa</key>
			<string>PBXBuildFile</string>
		</dict>
		<key>AFA6834C18EBA0BE00DDD311</key>
		<dict>
			<key>fileRef</key>
			<string>AFA6834318EBA0BE00DDD311</string>
			<key>isa</key>
			<string>PBXBuildFile</string>
		</dict>
		<key>AFA6834D18EBA0BE00DDD311</key>
		<dict>
			<key>fileRef</key>
			<string>AFA6834418EBA0BE00DDD311</string>
			<key>isa</key>
			<string>PBXBuildFile</string>
		</dict>
		<key>AFA6834E18EBA0BE00DDD311</key>
		<dict>
			<key>fileRef</key>
			<string>AFA6834518EBA0BE00DDD311</string>
			<key>isa</key>
			<string>PBXBuildFile</string>
		</dict>
		<key>AFA6834F18EBA0BE00DDD311</key>
		<dict>
			<key>fileRef</key>
			<string>AFA6834618EBA0BE00DDD311</string>
			<key>isa</key>
			<string>PBXBuildFile</string>
		</dict>
		<key>AFA6835018EBA0F500DDD311</key>
		<dict>
			<key>children</key>
			<array>
				<string>AFA6833E18EBA0BE00DDD311</string>
				<string>AFA6833F18EBA0BE00DDD311</string>
				<string>AFA6834018EBA0BE00DDD311</string>
				<string>AFA6834118EBA0BE00DDD311</string>
				<string>AFA6834218EBA0BE00DDD311</string>
				<string>AFA6834318EBA0BE00DDD311</string>
				<string>AFA6834418EBA0BE00DDD311</string>
				<string>AFA6834518EBA0BE00DDD311</string>
			</array>
			<key>isa</key>
			<string>PBXGroup</string>
			<key>name</key>
			<string>Images</string>
			<key>path</key>
			<string>..</string>
			<key>sourceTree</key>
			<string>&lt;group&gt;</string>
		</dict>
		<key>AFE63D6818E38E750012097D</key>
		<dict>
			<key>fileEncoding</key>
			<string>4</string>
			<key>isa</key>
			<string>PBXFileReference</string>
			<key>lastKnownFileType</key>
			<string>sourcecode.c.h</string>
			<key>path</key>
			<string>TMContato.h</string>
			<key>sourceTree</key>
			<string>&lt;group&gt;</string>
		</dict>
		<key>AFE63D6918E38E750012097D</key>
		<dict>
			<key>fileEncoding</key>
			<string>4</string>
			<key>isa</key>
			<string>PBXFileReference</string>
			<key>lastKnownFileType</key>
			<string>sourcecode.c.objc</string>
			<key>path</key>
			<string>TMContato.m</string>
			<key>sourceTree</key>
			<string>&lt;group&gt;</string>
		</dict>
		<key>AFE63D6A18E38E750012097D</key>
		<dict>
			<key>fileRef</key>
			<string>AFE63D6918E38E750012097D</string>
			<key>isa</key>
			<string>PBXBuildFile</string>
		</dict>
		<key>AFED1E3118EB79140045BA40</key>
		<dict>
			<key>isa</key>
			<string>PBXFileReference</string>
			<key>lastKnownFileType</key>
			<string>wrapper.framework</string>
			<key>name</key>
			<string>MessageUI.framework</string>
			<key>path</key>
			<string>System/Library/Frameworks/MessageUI.framework</string>
			<key>sourceTree</key>
			<string>SDKROOT</string>
		</dict>
		<key>AFED1E3218EB79140045BA40</key>
		<dict>
			<key>fileRef</key>
			<string>AFED1E3118EB79140045BA40</string>
			<key>isa</key>
			<string>PBXBuildFile</string>
		</dict>
		<key>AFF9873718E4E0D300DE6628</key>
		<dict>
			<key>fileEncoding</key>
			<string>4</string>
			<key>isa</key>
			<string>PBXFileReference</string>
			<key>lastKnownFileType</key>
			<string>sourcecode.c.h</string>
			<key>path</key>
			<string>TMListaContatoViewController.h</string>
			<key>sourceTree</key>
			<string>&lt;group&gt;</string>
		</dict>
		<key>AFF9873818E4E0D300DE6628</key>
		<dict>
			<key>fileEncoding</key>
			<string>4</string>
			<key>isa</key>
			<string>PBXFileReference</string>
			<key>lastKnownFileType</key>
			<string>sourcecode.c.objc</string>
			<key>path</key>
			<string>TMListaContatoViewController.m</string>
			<key>sourceTree</key>
			<string>&lt;group&gt;</string>
		</dict>
		<key>AFF9873918E4E0D300DE6628</key>
		<dict>
			<key>fileRef</key>
			<string>AFF9873818E4E0D300DE6628</string>
			<key>isa</key>
			<string>PBXBuildFile</string>
		</dict>
		<key>AFFED6B418ECF12A006BB598</key>
		<dict>
			<key>isa</key>
			<string>PBXFileReference</string>
			<key>lastKnownFileType</key>
			<string>wrapper.framework</string>
			<key>name</key>
			<string>CoreLocation.framework</string>
			<key>path</key>
			<string>System/Library/Frameworks/CoreLocation.framework</string>
			<key>sourceTree</key>
			<string>SDKROOT</string>
		</dict>
		<key>AFFED6B518ECF12A006BB598</key>
		<dict>
			<key>fileRef</key>
			<string>AFFED6B418ECF12A006BB598</string>
			<key>isa</key>
			<string>PBXBuildFile</string>
		</dict>
		<key>AFFED6B618EE311F006BB598</key>
		<dict>
			<key>isa</key>
			<string>PBXFileReference</string>
			<key>lastKnownFileType</key>
			<string>wrapper.framework</string>
			<key>name</key>
			<string>CoreData.framework</string>
			<key>path</key>
			<string>System/Library/Frameworks/CoreData.framework</string>
			<key>sourceTree</key>
			<string>SDKROOT</string>
		</dict>
		<key>AFFED6B718EE311F006BB598</key>
		<dict>
			<key>fileRef</key>
			<string>AFFED6B618EE311F006BB598</string>
			<key>isa</key>
			<string>PBXBuildFile</string>
		</dict>
		<key>AFFED6B818EE32DF006BB598</key>
		<dict>
			<key>children</key>
			<array>
				<string>AFFED6B918EE32DF006BB598</string>
			</array>
			<key>currentVersion</key>
			<string>AFFED6B918EE32DF006BB598</string>
			<key>isa</key>
			<string>XCVersionGroup</string>
			<key>path</key>
			<string>Contatos.xcdatamodeld</string>
			<key>sourceTree</key>
			<string>SOURCE_ROOT</string>
			<key>versionGroupType</key>
			<string>wrapper.xcdatamodel</string>
		</dict>
		<key>AFFED6B918EE32DF006BB598</key>
		<dict>
			<key>isa</key>
			<string>PBXFileReference</string>
			<key>lastKnownFileType</key>
			<string>wrapper.xcdatamodel</string>
			<key>path</key>
			<string>Contatos.xcdatamodel</string>
			<key>sourceTree</key>
			<string>&lt;group&gt;</string>
		</dict>
		<key>AFFED6BA18EE32DF006BB598</key>
		<dict>
			<key>fileRef</key>
			<string>AFFED6B818EE32DF006BB598</string>
			<key>isa</key>
			<string>PBXBuildFile</string>
		</dict>
		<key>AFFED6BB18EE32FA006BB598</key>
		<dict>
			<key>children</key>
			<array>
				<string>AFFED6B818EE32DF006BB598</string>
			</array>
			<key>isa</key>
			<string>PBXGroup</string>
			<key>name</key>
			<string>Models</string>
			<key>sourceTree</key>
			<string>&lt;group&gt;</string>
		</dict>
		<key>C0E51CDF97E343E6A6E7F185</key>
		<dict>
			<key>includeInIndex</key>
			<string>1</string>
			<key>isa</key>
			<string>PBXFileReference</string>
			<key>lastKnownFileType</key>
			<string>text.xcconfig</string>
			<key>name</key>
			<string>Pods.xcconfig</string>
			<key>path</key>
			<string>Pods/Pods.xcconfig</string>
			<key>sourceTree</key>
			<string>&lt;group&gt;</string>
		</dict>
		<key>CD97D34C3F4A464FA5834677</key>
		<dict>
			<key>explicitFileType</key>
			<string>archive.ar</string>
			<key>includeInIndex</key>
			<string>0</string>
			<key>isa</key>
			<string>PBXFileReference</string>
			<key>path</key>
			<string>libPods.a</string>
			<key>sourceTree</key>
			<string>BUILT_PRODUCTS_DIR</string>
		</dict>
		<key>D4E9107FAAE84A3C9409DBF1</key>
		<dict>
			<key>buildActionMask</key>
			<string>2147483647</string>
			<key>files</key>
			<array/>
			<key>inputPaths</key>
			<array/>
			<key>isa</key>
			<string>PBXShellScriptBuildPhase</string>
			<key>name</key>
			<string>Copy Pods Resources</string>
			<key>outputPaths</key>
			<array/>
			<key>runOnlyForDeploymentPostprocessing</key>
			<string>0</string>
			<key>shellPath</key>
			<string>/bin/sh</string>
			<key>shellScript</key>
			<string>"${SRCROOT}/Pods/Pods-resources.sh"
</string>
			<key>showEnvVarsInLog</key>
			<string>0</string>
		</dict>
		<key>F46A958F0A754372A57E1C60</key>
		<dict>
			<key>buildActionMask</key>
			<string>2147483647</string>
			<key>files</key>
			<array/>
			<key>inputPaths</key>
			<array/>
			<key>isa</key>
			<string>PBXShellScriptBuildPhase</string>
			<key>name</key>
			<string>Check Pods Manifest.lock</string>
			<key>outputPaths</key>
			<array/>
			<key>runOnlyForDeploymentPostprocessing</key>
			<string>0</string>
			<key>shellPath</key>
			<string>/bin/sh</string>
			<key>shellScript</key>
			<string>diff "${PODS_ROOT}/../Podfile.lock" "${PODS_ROOT}/Manifest.lock" &gt; /dev/null
if [[ $? != 0 ]] ; then
    cat &lt;&lt; EOM
error: The sandbox is not in sync with the Podfile.lock. Run 'pod install' or update your CocoaPods installation.
EOM
    exit 1
fi
</string>
			<key>showEnvVarsInLog</key>
			<string>0</string>
		</dict>
	</dict>
	<key>rootObject</key>
	<string>AF0F67D918E25919005084EB</string>
</dict>
</plist>
